{
  "version": 4,
  "terraform_version": "1.1.7",
  "serial": 60,
  "lineage": "4e02abc1-5030-bf90-62f0-bf6b63196fd9",
  "outputs": {
    "curl_awsdomain_url": {
      "value": "curl -H 'Host: example-test.and.digital' https://d-rbmj077tz3.execute-api.eu-west-2.amazonaws.com/path1 # may take a minute to become available on initial deploy",
      "type": "string"
    },
    "curl_gcpdomain_url": {
      "value": "curl -H 'Host: example-test.and.digital' https://d-rbmj077tz3.execute-api.eu-west-2.amazonaws.com/path2 # may take a minute to become available on initial deploy",
      "type": "string"
    },
    "curl_gcpstage_invoke_url": {
      "value": "curl https://lw2074tmui.execute-api.eu-west-2.amazonaws.com/dev/path2",
      "type": "string"
    },
    "curl_stageaws_invoke_url": {
      "value": "curl https://lw2074tmui.execute-api.eu-west-2.amazonaws.com/dev/path1",
      "type": "string"
    }
  },
  "resources": [
    {
      "mode": "managed",
      "type": "aws_acm_certificate",
      "name": "this",
      "provider": "provider[\"registry.terraform.io/hashicorp/aws\"]",
      "instances": [
        {
          "schema_version": 0,
          "attributes": {
            "arn": "arn:aws:acm:eu-west-2:323040907683:certificate/640fa69e-514b-4161-981d-bfb0bec08a98",
            "certificate_authority_arn": "",
            "certificate_body": "-----BEGIN CERTIFICATE-----\nMIIDZTCCAk2gAwIBAgIRAPfGIccJn+outzVzQ0WiY8AwDQYJKoZIhvcNAQELBQAw\nQDEbMBkGA1UEChMSQUNNRSBFeGFtcGxlcywgSW5jMSEwHwYDVQQDExhleGFtcGxl\nLXRlc3QuYW5kLmRpZ2l0YWwwHhcNMjIwMzE1MTAzODQ2WhcNMjIwMzE1MjIzODQ2\nWjBAMRswGQYDVQQKExJBQ01FIEV4YW1wbGVzLCBJbmMxITAfBgNVBAMTGGV4YW1w\nbGUtdGVzdC5hbmQuZGlnaXRhbDCCASIwDQYJKoZIhvcNAQEBBQADggEPADCCAQoC\nggEBANFKA5CdIABbS24KOtRXCgJ9X4TycNOAP7aSn+ryefioICwsQGP71qtXT4qB\nq/g/AUh5ZJTybsJyeuWSzb+LNdbDqW0wXYyvwLLPxqGH55w1Ezv2dJkNq2qBM6n2\ns0S5jIwoTYX5ESQt6vKY5bKlh/bGkpuzOvDzDu8Z7xb3oM6gaoj/smrJsYZ3NiNH\nyoSdX72xrfP+RsNHnTtiVoHcxTX7lfGbWye89NUSPJi1a+BLn5MZOumdqaD5yw2C\ngt8nI3A5JI/4nmD3ibzRA2t9J8oFgGCksug8IDOgKSIMjwSPgU4AEnTcDZWpTwFg\nEfR+aafsPVnRnZLTgIuWxJIIN1sCAwEAAaNaMFgwDgYDVR0PAQH/BAQDAgWgMBMG\nA1UdJQQMMAoGCCsGAQUFBwMBMAwGA1UdEwEB/wQCMAAwIwYDVR0RBBwwGoIYZXhh\nbXBsZS10ZXN0LmFuZC5kaWdpdGFsMA0GCSqGSIb3DQEBCwUAA4IBAQCZepCUta5n\n/kBWAJy6rdhI+5BS2S8Wx68IjryNUm9hQVSvLQuLV2Znh1vbz04VZ6H2ZZe0PDdF\ngkt3v7NzA7+UZUSvmphqBG5LCZYlilxVP44ywfck7TFSb0RbHjb0F6FXvbzIS2Ud\nn4D4bBIZ0oLM53lz/am2Iy7V0mPTpaOTuhlrPH3aWQDCz6hO5Kp+r6L7A3ZvqxlK\nzsvGWjYK6VLDQkY5CEFFYyTiz5s9ga7GXODu+BvLo35tx88a1+iLZO8rL3lHJiWa\nZaei45HCPeEAowWAIZWszr+jkd5AhEF9rqLDiBtx60afz1pvwWd+42zE+0yifDqG\n6fcNCkgUju/H\n-----END CERTIFICATE-----\n",
            "certificate_chain": null,
            "domain_name": "example-test.and.digital",
            "domain_validation_options": [],
            "id": "arn:aws:acm:eu-west-2:323040907683:certificate/640fa69e-514b-4161-981d-bfb0bec08a98",
            "options": [
              {
                "certificate_transparency_logging_preference": "DISABLED"
              }
            ],
            "private_key": "-----BEGIN RSA PRIVATE KEY-----\nMIIEpAIBAAKCAQEA0UoDkJ0gAFtLbgo61FcKAn1fhPJw04A/tpKf6vJ5+KggLCxA\nY/vWq1dPioGr+D8BSHlklPJuwnJ65ZLNv4s11sOpbTBdjK/Ass/GoYfnnDUTO/Z0\nmQ2raoEzqfazRLmMjChNhfkRJC3q8pjlsqWH9saSm7M68PMO7xnvFvegzqBqiP+y\nasmxhnc2I0fKhJ1fvbGt8/5Gw0edO2JWgdzFNfuV8ZtbJ7z01RI8mLVr4Eufkxk6\n6Z2poPnLDYKC3ycjcDkkj/ieYPeJvNEDa30nygWAYKSy6DwgM6ApIgyPBI+BTgAS\ndNwNlalPAWAR9H5pp+w9WdGdktOAi5bEkgg3WwIDAQABAoIBAFtwI9iV3XpqaK0+\nCO/myzfFQOtb5RFy0eNZckb7A3ExO0UxXDyStfqMHfNcrh66oDvi1aABv4Ry8eDF\nX+EU2EPpnmdXHzgtPVqiTp0aPIXR5oJnLhAEmeThaAoU/8PB8Xb20M/8vpF5AlJV\nnN2NVrbpkPo3t0O4Xcj3Iq99JyO+xiDL4K6kt5ap553MDjIDaJJyFRT/Yh1EFu09\n+16kZ8e8AAHEeAy0jUepft6vUX0wE35uAFAVLfxQFDucOqkqbmL0NUdHom6EDGD3\nJZdVAbmJuouhwbOY7fuUvbRidzcJIuKovDxt8F1TTJm63SYqjm+1lbAefK8RoDs3\nl0RTWlECgYEA6/U3ikcTsZmhS6itECwhPvfW2S3KZ7mGcupj0JyOoV6mWb7uOVCo\nLTAHH6LJ69te9gUCh3pYmq0bcorK7axZYz06cZZROBRq3H+ME7kjMDcbXUtNh4JN\n56Wa10cqbniqP+2lH3jaTu9NqnDzhYsF0A0k1QFdNPjhkih17TPkwOkCgYEA4xDl\n/yaIWu3wmfz437egcvCDnlejKhuNwR3jyzCUS03l4XFR2547CZJeRCDcTuc8dhHc\nmO7+Hzz8Os/xawDsK9C7H3wJkkk8tjTui8VRfaKjJZn28kXNBM9oJea4JSDqoSR0\nrC5ndxzX9JenJaoyGNHl+zn9+PQVLowdO9zAa6MCgYEAnoRy95agiGPplGaRPZgo\nDaF62RSGMgDVbkZBIFjNCWQI5an7aM3i7diiMIKwnJ8XwLfE5zcuZ1t8YQsVIW7z\n7lOn+788eSxeThvyAx4Rocajv51jTHIh3EnJKG9K9kRiO+hvUiFiqDzkNGkFcOXg\n1dC+ucrcz0WUZRiBgQWn3GECgYEA1JuZ/1JhEmMAie7oSPFy9qxlUPnV+TNbg5st\nE7Ak6m3B9VlZwD1kIg4+3aO3JNo3LoaC+1+r6iv8MEVMU1jFyjDjRROrEqIoiqL9\nSTo0l2KVSDvlkevxj7N0XSiu+3TavI+Z/y5kCo+jVY46H3ZA+iRvJtCiEVzaCH+B\nT+/e6+kCgYBJfG3eptJBkHkJAQ+7WAtVS7vcZDeTmxdnbCeyHvQUQL3j6hUL6l/9\n/Yhi6uh4JFI2KN97W96C9am/xNwyCPdPChfR3JVn6McH4GrEza8AOzI3k3cHjVcU\nAAcgV1O8zoz6/ZTRM2aNAtTrHB8wf9q0KGPQHlaj/B4svzGDbAPs5A==\n-----END RSA PRIVATE KEY-----\n",
            "status": "ISSUED",
            "subject_alternative_names": [],
            "tags": {},
            "tags_all": {},
            "validation_emails": [],
            "validation_method": "NONE"
          },
          "sensitive_attributes": [
            [
              {
                "type": "get_attr",
                "value": "private_key"
              }
            ]
          ],
          "private": "bnVsbA==",
          "dependencies": [
            "tls_private_key.this",
            "tls_self_signed_cert.this"
          ]
        }
      ]
    },
    {
      "mode": "managed",
      "type": "aws_api_gateway_base_path_mapping",
      "name": "this",
      "provider": "provider[\"registry.terraform.io/hashicorp/aws\"]",
      "instances": [
        {
          "schema_version": 0,
          "attributes": {
            "api_id": "lw2074tmui",
            "base_path": "",
            "domain_name": "example-test.and.digital",
            "id": "example-test.and.digital/",
            "stage_name": "dev"
          },
          "sensitive_attributes": [],
          "private": "bnVsbA==",
          "dependencies": [
            "aws_acm_certificate.this",
            "aws_api_gateway_deployment.this",
            "aws_api_gateway_domain_name.this",
            "aws_api_gateway_rest_api.this",
            "aws_api_gateway_stage.dev",
            "tls_private_key.this",
            "tls_self_signed_cert.this"
          ]
        }
      ]
    },
    {
      "mode": "managed",
      "type": "aws_api_gateway_deployment",
      "name": "this",
      "provider": "provider[\"registry.terraform.io/hashicorp/aws\"]",
      "instances": [
        {
          "schema_version": 0,
          "attributes": {
            "created_date": "2022-03-15T10:49:42Z",
            "description": "",
            "execution_arn": "arn:aws:execute-api:eu-west-2:323040907683:lw2074tmui/",
            "id": "y4e7no",
            "invoke_url": "https://lw2074tmui.execute-api.eu-west-2.amazonaws.com/",
            "rest_api_id": "lw2074tmui",
            "stage_description": null,
            "stage_name": null,
            "triggers": {
              "redeployment": "5f09c543c9dc2e1f6b18c08ce923f13bc80fb04c"
            },
            "variables": null
          },
          "sensitive_attributes": [],
          "private": "bnVsbA==",
          "dependencies": [
            "aws_api_gateway_rest_api.this"
          ],
          "create_before_destroy": true
        }
      ]
    },
    {
      "mode": "managed",
      "type": "aws_api_gateway_domain_name",
      "name": "this",
      "provider": "provider[\"registry.terraform.io/hashicorp/aws\"]",
      "instances": [
        {
          "schema_version": 0,
          "attributes": {
            "arn": "arn:aws:apigateway:eu-west-2::/domainnames/example-test.and.digital",
            "certificate_arn": "",
            "certificate_body": null,
            "certificate_chain": null,
            "certificate_name": "",
            "certificate_private_key": null,
            "certificate_upload_date": "2022-03-15T10:38:49Z",
            "cloudfront_domain_name": "",
            "cloudfront_zone_id": "Z2FDTNDATAQYW2",
            "domain_name": "example-test.and.digital",
            "endpoint_configuration": [
              {
                "types": [
                  "REGIONAL"
                ]
              }
            ],
            "id": "example-test.and.digital",
            "mutual_tls_authentication": [],
            "regional_certificate_arn": "arn:aws:acm:eu-west-2:323040907683:certificate/640fa69e-514b-4161-981d-bfb0bec08a98",
            "regional_certificate_name": "",
            "regional_domain_name": "d-rbmj077tz3.execute-api.eu-west-2.amazonaws.com",
            "regional_zone_id": "ZJ5UAJN8Y3Z2Q",
            "security_policy": "TLS_1_2",
            "tags": {},
            "tags_all": {}
          },
          "sensitive_attributes": [],
          "private": "bnVsbA==",
          "dependencies": [
            "aws_acm_certificate.this",
            "tls_private_key.this",
            "tls_self_signed_cert.this"
          ]
        }
      ]
    },
    {
      "mode": "managed",
      "type": "aws_api_gateway_method_settings",
      "name": "dev",
      "provider": "provider[\"registry.terraform.io/hashicorp/aws\"]",
      "instances": [
        {
          "schema_version": 0,
          "attributes": {
            "id": "lw2074tmui-dev-*/*",
            "method_path": "*/*",
            "rest_api_id": "lw2074tmui",
            "settings": [
              {
                "cache_data_encrypted": false,
                "cache_ttl_in_seconds": 300,
                "caching_enabled": false,
                "data_trace_enabled": false,
                "logging_level": "",
                "metrics_enabled": true,
                "require_authorization_for_cache_control": true,
                "throttling_burst_limit": -1,
                "throttling_rate_limit": -1,
                "unauthorized_cache_control_header_strategy": "SUCCEED_WITH_RESPONSE_HEADER"
              }
            ],
            "stage_name": "dev"
          },
          "sensitive_attributes": [],
          "private": "bnVsbA==",
          "dependencies": [
            "aws_api_gateway_deployment.this",
            "aws_api_gateway_rest_api.this",
            "aws_api_gateway_stage.dev"
          ]
        }
      ]
    },
    {
      "mode": "managed",
      "type": "aws_api_gateway_method_settings",
      "name": "devpathone",
      "provider": "provider[\"registry.terraform.io/hashicorp/aws\"]",
      "instances": [
        {
          "schema_version": 0,
          "attributes": {
            "id": "lw2074tmui-dev-path1/GET",
            "method_path": "path1/GET",
            "rest_api_id": "lw2074tmui",
            "settings": [
              {
                "cache_data_encrypted": false,
                "cache_ttl_in_seconds": 300,
                "caching_enabled": false,
                "data_trace_enabled": false,
                "logging_level": "INFO",
                "metrics_enabled": true,
                "require_authorization_for_cache_control": true,
                "throttling_burst_limit": -1,
                "throttling_rate_limit": -1,
                "unauthorized_cache_control_header_strategy": "SUCCEED_WITH_RESPONSE_HEADER"
              }
            ],
            "stage_name": "dev"
          },
          "sensitive_attributes": [],
          "private": "bnVsbA==",
          "dependencies": [
            "aws_api_gateway_deployment.this",
            "aws_api_gateway_rest_api.this",
            "aws_api_gateway_stage.dev"
          ]
        }
      ]
    },
    {
      "mode": "managed",
      "type": "aws_api_gateway_method_settings",
      "name": "devpathtwo",
      "provider": "provider[\"registry.terraform.io/hashicorp/aws\"]",
      "instances": [
        {
          "schema_version": 0,
          "attributes": {
            "id": "lw2074tmui-dev-path2/GET",
            "method_path": "path2/GET",
            "rest_api_id": "lw2074tmui",
            "settings": [
              {
                "cache_data_encrypted": false,
                "cache_ttl_in_seconds": 300,
                "caching_enabled": false,
                "data_trace_enabled": false,
                "logging_level": "INFO",
                "metrics_enabled": true,
                "require_authorization_for_cache_control": true,
                "throttling_burst_limit": -1,
                "throttling_rate_limit": -1,
                "unauthorized_cache_control_header_strategy": "SUCCEED_WITH_RESPONSE_HEADER"
              }
            ],
            "stage_name": "dev"
          },
          "sensitive_attributes": [],
          "private": "bnVsbA==",
          "dependencies": [
            "aws_api_gateway_deployment.this",
            "aws_api_gateway_rest_api.this",
            "aws_api_gateway_stage.dev"
          ]
        }
      ]
    },
    {
      "mode": "managed",
      "type": "aws_api_gateway_method_settings",
      "name": "prod",
      "provider": "provider[\"registry.terraform.io/hashicorp/aws\"]",
      "instances": [
        {
          "schema_version": 0,
          "attributes": {
            "id": "lw2074tmui-prod-*/*",
            "method_path": "*/*",
            "rest_api_id": "lw2074tmui",
            "settings": [
              {
                "cache_data_encrypted": false,
                "cache_ttl_in_seconds": 300,
                "caching_enabled": false,
                "data_trace_enabled": false,
                "logging_level": "",
                "metrics_enabled": true,
                "require_authorization_for_cache_control": true,
                "throttling_burst_limit": -1,
                "throttling_rate_limit": -1,
                "unauthorized_cache_control_header_strategy": "SUCCEED_WITH_RESPONSE_HEADER"
              }
            ],
            "stage_name": "prod"
          },
          "sensitive_attributes": [],
          "private": "bnVsbA==",
          "dependencies": [
            "aws_api_gateway_deployment.this",
            "aws_api_gateway_rest_api.this",
            "aws_api_gateway_stage.prod"
          ]
        }
      ]
    },
    {
      "mode": "managed",
      "type": "aws_api_gateway_method_settings",
      "name": "prodpathone",
      "provider": "provider[\"registry.terraform.io/hashicorp/aws\"]",
      "instances": [
        {
          "schema_version": 0,
          "attributes": {
            "id": "lw2074tmui-prod-path1/GET",
            "method_path": "path1/GET",
            "rest_api_id": "lw2074tmui",
            "settings": [
              {
                "cache_data_encrypted": false,
                "cache_ttl_in_seconds": 300,
                "caching_enabled": false,
                "data_trace_enabled": false,
                "logging_level": "",
                "metrics_enabled": true,
                "require_authorization_for_cache_control": true,
                "throttling_burst_limit": -1,
                "throttling_rate_limit": -1,
                "unauthorized_cache_control_header_strategy": "SUCCEED_WITH_RESPONSE_HEADER"
              }
            ],
            "stage_name": "prod"
          },
          "sensitive_attributes": [],
          "private": "bnVsbA==",
          "dependencies": [
            "aws_api_gateway_deployment.this",
            "aws_api_gateway_rest_api.this",
            "aws_api_gateway_stage.prod"
          ]
        }
      ]
    },
    {
      "mode": "managed",
      "type": "aws_api_gateway_rest_api",
      "name": "this",
      "provider": "provider[\"registry.terraform.io/hashicorp/aws\"]",
      "instances": [
        {
          "schema_version": 0,
          "attributes": {
            "api_key_source": "HEADER",
            "arn": "arn:aws:apigateway:eu-west-2::/restapis/lw2074tmui",
            "binary_media_types": [],
            "body": "{\"info\":{\"title\":\"liam-test-api\",\"version\":\"1.0\"},\"openapi\":\"3.0.1\",\"paths\":{\"/path1\":{\"get\":{\"x-amazon-apigateway-integration\":{\"httpMethod\":\"GET\",\"payloadFormatVersion\":\"1.0\",\"type\":\"HTTP_PROXY\",\"uri\":\"https://ip-ranges.amazonaws.com/ip-ranges.json\"}}},\"/path2\":{\"get\":{\"x-amazon-apigateway-integration\":{\"httpMethod\":\"GET\",\"payloadFormatVersion\":\"1.0\",\"type\":\"HTTP_PROXY\",\"uri\":\"https://www.gstatic.com/ipranges/goog.json\"}}}}}",
            "created_date": "2022-03-15T10:38:47Z",
            "description": "",
            "disable_execute_api_endpoint": false,
            "endpoint_configuration": [
              {
                "types": [
                  "REGIONAL"
                ],
                "vpc_endpoint_ids": []
              }
            ],
            "execution_arn": "arn:aws:execute-api:eu-west-2:323040907683:lw2074tmui",
            "id": "lw2074tmui",
            "minimum_compression_size": -1,
            "name": "liam-test-api",
            "parameters": null,
            "policy": "",
            "root_resource_id": "5u3b0tqcqa",
            "tags": {},
            "tags_all": {}
          },
          "sensitive_attributes": [],
          "private": "bnVsbA==",
          "create_before_destroy": true
        }
      ]
    },
    {
      "mode": "managed",
      "type": "aws_api_gateway_stage",
      "name": "dev",
      "provider": "provider[\"registry.terraform.io/hashicorp/aws\"]",
      "instances": [
        {
          "schema_version": 0,
          "attributes": {
            "access_log_settings": [],
            "arn": "arn:aws:apigateway:eu-west-2::/restapis/lw2074tmui/stages/dev",
            "cache_cluster_enabled": false,
            "cache_cluster_size": "",
            "client_certificate_id": "",
            "deployment_id": "y4e7no",
            "description": "",
            "documentation_version": "",
            "execution_arn": "arn:aws:execute-api:eu-west-2:323040907683:lw2074tmui/dev",
            "id": "ags-lw2074tmui-dev",
            "invoke_url": "https://lw2074tmui.execute-api.eu-west-2.amazonaws.com/dev",
            "rest_api_id": "lw2074tmui",
            "stage_name": "dev",
            "tags": {},
            "tags_all": {},
            "variables": {},
            "web_acl_arn": "",
            "xray_tracing_enabled": false
          },
          "sensitive_attributes": [],
          "private": "bnVsbA==",
          "dependencies": [
            "aws_api_gateway_deployment.this",
            "aws_api_gateway_rest_api.this"
          ]
        }
      ]
    },
    {
      "mode": "managed",
      "type": "aws_api_gateway_stage",
      "name": "prod",
      "provider": "provider[\"registry.terraform.io/hashicorp/aws\"]",
      "instances": [
        {
          "schema_version": 0,
          "attributes": {
            "access_log_settings": [],
            "arn": "arn:aws:apigateway:eu-west-2::/restapis/lw2074tmui/stages/prod",
            "cache_cluster_enabled": false,
            "cache_cluster_size": "",
            "client_certificate_id": "",
            "deployment_id": "y4e7no",
            "description": "",
            "documentation_version": "",
            "execution_arn": "arn:aws:execute-api:eu-west-2:323040907683:lw2074tmui/prod",
            "id": "ags-lw2074tmui-prod",
            "invoke_url": "https://lw2074tmui.execute-api.eu-west-2.amazonaws.com/prod",
            "rest_api_id": "lw2074tmui",
            "stage_name": "prod",
            "tags": {},
            "tags_all": {},
            "variables": {},
            "web_acl_arn": "",
            "xray_tracing_enabled": false
          },
          "sensitive_attributes": [],
          "private": "bnVsbA==",
          "dependencies": [
            "aws_api_gateway_deployment.this",
            "aws_api_gateway_rest_api.this"
          ]
        }
      ]
    },
    {
      "mode": "managed",
      "type": "tls_private_key",
      "name": "this",
      "provider": "provider[\"registry.terraform.io/hashicorp/tls\"]",
      "instances": [
        {
          "schema_version": 0,
          "attributes": {
            "algorithm": "RSA",
            "ecdsa_curve": "P224",
            "id": "73fd84d6c88619041715e923ccb9860f9c1085d5",
            "private_key_pem": "-----BEGIN RSA PRIVATE KEY-----\nMIIEpAIBAAKCAQEA0UoDkJ0gAFtLbgo61FcKAn1fhPJw04A/tpKf6vJ5+KggLCxA\nY/vWq1dPioGr+D8BSHlklPJuwnJ65ZLNv4s11sOpbTBdjK/Ass/GoYfnnDUTO/Z0\nmQ2raoEzqfazRLmMjChNhfkRJC3q8pjlsqWH9saSm7M68PMO7xnvFvegzqBqiP+y\nasmxhnc2I0fKhJ1fvbGt8/5Gw0edO2JWgdzFNfuV8ZtbJ7z01RI8mLVr4Eufkxk6\n6Z2poPnLDYKC3ycjcDkkj/ieYPeJvNEDa30nygWAYKSy6DwgM6ApIgyPBI+BTgAS\ndNwNlalPAWAR9H5pp+w9WdGdktOAi5bEkgg3WwIDAQABAoIBAFtwI9iV3XpqaK0+\nCO/myzfFQOtb5RFy0eNZckb7A3ExO0UxXDyStfqMHfNcrh66oDvi1aABv4Ry8eDF\nX+EU2EPpnmdXHzgtPVqiTp0aPIXR5oJnLhAEmeThaAoU/8PB8Xb20M/8vpF5AlJV\nnN2NVrbpkPo3t0O4Xcj3Iq99JyO+xiDL4K6kt5ap553MDjIDaJJyFRT/Yh1EFu09\n+16kZ8e8AAHEeAy0jUepft6vUX0wE35uAFAVLfxQFDucOqkqbmL0NUdHom6EDGD3\nJZdVAbmJuouhwbOY7fuUvbRidzcJIuKovDxt8F1TTJm63SYqjm+1lbAefK8RoDs3\nl0RTWlECgYEA6/U3ikcTsZmhS6itECwhPvfW2S3KZ7mGcupj0JyOoV6mWb7uOVCo\nLTAHH6LJ69te9gUCh3pYmq0bcorK7axZYz06cZZROBRq3H+ME7kjMDcbXUtNh4JN\n56Wa10cqbniqP+2lH3jaTu9NqnDzhYsF0A0k1QFdNPjhkih17TPkwOkCgYEA4xDl\n/yaIWu3wmfz437egcvCDnlejKhuNwR3jyzCUS03l4XFR2547CZJeRCDcTuc8dhHc\nmO7+Hzz8Os/xawDsK9C7H3wJkkk8tjTui8VRfaKjJZn28kXNBM9oJea4JSDqoSR0\nrC5ndxzX9JenJaoyGNHl+zn9+PQVLowdO9zAa6MCgYEAnoRy95agiGPplGaRPZgo\nDaF62RSGMgDVbkZBIFjNCWQI5an7aM3i7diiMIKwnJ8XwLfE5zcuZ1t8YQsVIW7z\n7lOn+788eSxeThvyAx4Rocajv51jTHIh3EnJKG9K9kRiO+hvUiFiqDzkNGkFcOXg\n1dC+ucrcz0WUZRiBgQWn3GECgYEA1JuZ/1JhEmMAie7oSPFy9qxlUPnV+TNbg5st\nE7Ak6m3B9VlZwD1kIg4+3aO3JNo3LoaC+1+r6iv8MEVMU1jFyjDjRROrEqIoiqL9\nSTo0l2KVSDvlkevxj7N0XSiu+3TavI+Z/y5kCo+jVY46H3ZA+iRvJtCiEVzaCH+B\nT+/e6+kCgYBJfG3eptJBkHkJAQ+7WAtVS7vcZDeTmxdnbCeyHvQUQL3j6hUL6l/9\n/Yhi6uh4JFI2KN97W96C9am/xNwyCPdPChfR3JVn6McH4GrEza8AOzI3k3cHjVcU\nAAcgV1O8zoz6/ZTRM2aNAtTrHB8wf9q0KGPQHlaj/B4svzGDbAPs5A==\n-----END RSA PRIVATE KEY-----\n",
            "public_key_fingerprint_md5": "1f:27:96:c2:5c:b4:7c:de:13:e8:b2:01:3c:54:a1:87",
            "public_key_openssh": "ssh-rsa AAAAB3NzaC1yc2EAAAADAQABAAABAQDRSgOQnSAAW0tuCjrUVwoCfV+E8nDTgD+2kp/q8nn4qCAsLEBj+9arV0+Kgav4PwFIeWSU8m7Ccnrlks2/izXWw6ltMF2Mr8Cyz8ahh+ecNRM79nSZDatqgTOp9rNEuYyMKE2F+REkLerymOWypYf2xpKbszrw8w7vGe8W96DOoGqI/7JqybGGdzYjR8qEnV+9sa3z/kbDR507YlaB3MU1+5Xxm1snvPTVEjyYtWvgS5+TGTrpnamg+csNgoLfJyNwOSSP+J5g94m80QNrfSfKBYBgpLLoPCAzoCkiDI8Ej4FOABJ03A2VqU8BYBH0fmmn7D1Z0Z2S04CLlsSSCDdb\n",
            "public_key_pem": "-----BEGIN PUBLIC KEY-----\nMIIBIjANBgkqhkiG9w0BAQEFAAOCAQ8AMIIBCgKCAQEA0UoDkJ0gAFtLbgo61FcK\nAn1fhPJw04A/tpKf6vJ5+KggLCxAY/vWq1dPioGr+D8BSHlklPJuwnJ65ZLNv4s1\n1sOpbTBdjK/Ass/GoYfnnDUTO/Z0mQ2raoEzqfazRLmMjChNhfkRJC3q8pjlsqWH\n9saSm7M68PMO7xnvFvegzqBqiP+yasmxhnc2I0fKhJ1fvbGt8/5Gw0edO2JWgdzF\nNfuV8ZtbJ7z01RI8mLVr4Eufkxk66Z2poPnLDYKC3ycjcDkkj/ieYPeJvNEDa30n\nygWAYKSy6DwgM6ApIgyPBI+BTgASdNwNlalPAWAR9H5pp+w9WdGdktOAi5bEkgg3\nWwIDAQAB\n-----END PUBLIC KEY-----\n",
            "rsa_bits": 2048
          },
          "sensitive_attributes": [],
          "private": "bnVsbA=="
        }
      ]
    },
    {
      "mode": "managed",
      "type": "tls_self_signed_cert",
      "name": "this",
      "provider": "provider[\"registry.terraform.io/hashicorp/tls\"]",
      "instances": [
        {
          "schema_version": 0,
          "attributes": {
            "allowed_uses": [
              "key_encipherment",
              "digital_signature",
              "server_auth"
            ],
            "cert_pem": "-----BEGIN CERTIFICATE-----\nMIIDZTCCAk2gAwIBAgIRAPfGIccJn+outzVzQ0WiY8AwDQYJKoZIhvcNAQELBQAw\nQDEbMBkGA1UEChMSQUNNRSBFeGFtcGxlcywgSW5jMSEwHwYDVQQDExhleGFtcGxl\nLXRlc3QuYW5kLmRpZ2l0YWwwHhcNMjIwMzE1MTAzODQ2WhcNMjIwMzE1MjIzODQ2\nWjBAMRswGQYDVQQKExJBQ01FIEV4YW1wbGVzLCBJbmMxITAfBgNVBAMTGGV4YW1w\nbGUtdGVzdC5hbmQuZGlnaXRhbDCCASIwDQYJKoZIhvcNAQEBBQADggEPADCCAQoC\nggEBANFKA5CdIABbS24KOtRXCgJ9X4TycNOAP7aSn+ryefioICwsQGP71qtXT4qB\nq/g/AUh5ZJTybsJyeuWSzb+LNdbDqW0wXYyvwLLPxqGH55w1Ezv2dJkNq2qBM6n2\ns0S5jIwoTYX5ESQt6vKY5bKlh/bGkpuzOvDzDu8Z7xb3oM6gaoj/smrJsYZ3NiNH\nyoSdX72xrfP+RsNHnTtiVoHcxTX7lfGbWye89NUSPJi1a+BLn5MZOumdqaD5yw2C\ngt8nI3A5JI/4nmD3ibzRA2t9J8oFgGCksug8IDOgKSIMjwSPgU4AEnTcDZWpTwFg\nEfR+aafsPVnRnZLTgIuWxJIIN1sCAwEAAaNaMFgwDgYDVR0PAQH/BAQDAgWgMBMG\nA1UdJQQMMAoGCCsGAQUFBwMBMAwGA1UdEwEB/wQCMAAwIwYDVR0RBBwwGoIYZXhh\nbXBsZS10ZXN0LmFuZC5kaWdpdGFsMA0GCSqGSIb3DQEBCwUAA4IBAQCZepCUta5n\n/kBWAJy6rdhI+5BS2S8Wx68IjryNUm9hQVSvLQuLV2Znh1vbz04VZ6H2ZZe0PDdF\ngkt3v7NzA7+UZUSvmphqBG5LCZYlilxVP44ywfck7TFSb0RbHjb0F6FXvbzIS2Ud\nn4D4bBIZ0oLM53lz/am2Iy7V0mPTpaOTuhlrPH3aWQDCz6hO5Kp+r6L7A3ZvqxlK\nzsvGWjYK6VLDQkY5CEFFYyTiz5s9ga7GXODu+BvLo35tx88a1+iLZO8rL3lHJiWa\nZaei45HCPeEAowWAIZWszr+jkd5AhEF9rqLDiBtx60afz1pvwWd+42zE+0yifDqG\n6fcNCkgUju/H\n-----END CERTIFICATE-----\n",
            "dns_names": [
              "example-test.and.digital"
            ],
            "early_renewal_hours": 0,
            "id": "329348074825764067510636188697364685760",
            "ip_addresses": null,
            "is_ca_certificate": null,
            "key_algorithm": "RSA",
            "private_key_pem": "8be0a94400062d2f00b968f1c07b26b2eaaada1b",
            "ready_for_renewal": false,
            "set_subject_key_id": null,
            "subject": [
              {
                "common_name": "example-test.and.digital",
                "country": "",
                "locality": "",
                "organization": "ACME Examples, Inc",
                "organizational_unit": "",
                "postal_code": "",
                "province": "",
                "serial_number": "",
                "street_address": []
              }
            ],
            "uris": null,
            "validity_end_time": "2022-03-15T22:38:46.416549Z",
            "validity_period_hours": 12,
            "validity_start_time": "2022-03-15T10:38:46.416549Z"
          },
          "sensitive_attributes": [
            [
              {
                "type": "get_attr",
                "value": "private_key_pem"
              }
            ]
          ],
          "private": "bnVsbA==",
          "dependencies": [
            "tls_private_key.this"
          ]
        }
      ]
    }
  ]
}
